
Microsoft Visual Studio Solution File, Format Version 12.00
# Visual Studio Version 17
VisualStudioVersion = 17.13.35806.99
MinimumVisualStudioVersion = 10.0.40219.1
Project("{FAE04EC0-301F-11D3-BF4B-00C04F79EFBC}") = "WeatherService", "WeatherService\WeatherService.csproj", "{D3207675-F12F-44AA-9172-20F5C9C3F5FD}"
EndProject
Project("{FAE04EC0-301F-11D3-BF4B-00C04F79EFBC}") = "WeatherService.Tests", "WeatherService.Tests\WeatherService.Tests.csproj", "{047846AB-A577-2443-87FB-9F27674FE722}"
EndProject
Global
	GlobalSection(SolutionConfigurationPlatforms) = preSolution
		Debug|Any CPU = Debug|Any CPU
		Release|Any CPU = Release|Any CPU
	EndGlobalSection
	GlobalSection(ProjectConfigurationPlatforms) = postSolution
		{D3207675-F12F-44AA-9172-20F5C9C3F5FD}.Debug|Any CPU.ActiveCfg = Debug|Any CPU
		{D3207675-F12F-44AA-9172-20F5C9C3F5FD}.Debug|Any CPU.Build.0 = Debug|Any CPU
		{D3207675-F12F-44AA-9172-20F5C9C3F5FD}.Release|Any CPU.ActiveCfg = Release|Any CPU
		{D3207675-F12F-44AA-9172-20F5C9C3F5FD}.Release|Any CPU.Build.0 = Release|Any CPU
		{047846AB-A577-2443-87FB-9F27674FE722}.Debug|Any CPU.ActiveCfg = Debug|Any CPU
		{047846AB-A577-2443-87FB-9F27674FE722}.Debug|Any CPU.Build.0 = Debug|Any CPU
		{047846AB-A577-2443-87FB-9F27674FE722}.Release|Any CPU.ActiveCfg = Release|Any CPU
		{047846AB-A577-2443-87FB-9F27674FE722}.Release|Any CPU.Build.0 = Release|Any CPU
	EndGlobalSection
	GlobalSection(SolutionProperties) = preSolution
		HideSolutionNode = FALSE
	EndGlobalSection
	GlobalSection(ExtensibilityGlobals) = postSolution
		SolutionGuid = {4BDAB872-CD6C-433E-B900-BE59253E2267}
	EndGlobalSection
EndGlobal
